Microsoft Visual Studio Solution File, Format Version 12.00
# Visual Studio Version 17
VisualStudioVersion = 17.5.2.0
MinimumVisualStudioVersion = 10.0.40219.1
Project("{FAE04EC0-301F-11D3-BF4B-00C04F79EFBC}") = "HerosInAction", "HerosInAction.csproj", "{E272821B-096C-A67D-0BC6-836B50E2BFF1}"
EndProject
Global
	GlobalSection(SolutionConfigurationPlatforms) = preSolution
		Debug|Any CPU = Debug|Any CPU
		Release|Any CPU = Release|Any CPU
	EndGlobalSection
	GlobalSection(ProjectConfigurationPlatforms) = postSolution
		{E272821B-096C-A67D-0BC6-836B50E2BFF1}.Debug|Any CPU.ActiveCfg = Debug|Any CPU
		{E272821B-096C-A67D-0BC6-836B50E2BFF1}.Debug|Any CPU.Build.0 = Debug|Any CPU
		{E272821B-096C-A67D-0BC6-836B50E2BFF1}.Release|Any CPU.ActiveCfg = Release|Any CPU
		{E272821B-096C-A67D-0BC6-836B50E2BFF1}.Release|Any CPU.Build.0 = Release|Any CPU
	EndGlobalSection
	GlobalSection(SolutionProperties) = preSolution
		HideSolutionNode = FALSE
	EndGlobalSection
	GlobalSection(ExtensibilityGlobals) = postSolution
		SolutionGuid = {7B38C323-8145-4BF6-88E5-741970584CB5}
	EndGlobalSection
EndGlobal
